
Microsoft Visual Studio Solution File, Format Version 12.00
# Visual Studio Version 16
VisualStudioVersion = 16.0.30804.86
MinimumVisualStudioVersion = 10.0.40219.1
Project("{9A19103F-16F7-4668-BE54-9A1E7A4F7556}") = "AiLib", "AIv2\AiLib.csproj", "{C532917B-AD04-4F79-BD2D-9003C81D3239}"
EndProject
Project("{9A19103F-16F7-4668-BE54-9A1E7A4F7556}") = "Otter", "Otter-master\Otter\Otter.csproj", "{88110C36-5B12-47FF-B5DF-210FD836FC85}"
EndProject
Project("{9A19103F-16F7-4668-BE54-9A1E7A4F7556}") = "AiApplication", "AiApplication\AiApplication.csproj", "{8CB28815-1776-4452-80D9-7827E1277CFE}"
EndProject
Global
	GlobalSection(SolutionConfigurationPlatforms) = preSolution
		Debug|Any CPU = Debug|Any CPU
		Release|Any CPU = Release|Any CPU
	EndGlobalSection
	GlobalSection(ProjectConfigurationPlatforms) = postSolution
		{C532917B-AD04-4F79-BD2D-9003C81D3239}.Debug|Any CPU.ActiveCfg = Debug|Any CPU
		{C532917B-AD04-4F79-BD2D-9003C81D3239}.Debug|Any CPU.Build.0 = Debug|Any CPU
		{C532917B-AD04-4F79-BD2D-9003C81D3239}.Release|Any CPU.ActiveCfg = Release|Any CPU
		{C532917B-AD04-4F79-BD2D-9003C81D3239}.Release|Any CPU.Build.0 = Release|Any CPU
		{88110C36-5B12-47FF-B5DF-210FD836FC85}.Debug|Any CPU.ActiveCfg = Debug|Any CPU
		{88110C36-5B12-47FF-B5DF-210FD836FC85}.Debug|Any CPU.Build.0 = Debug|Any CPU
		{88110C36-5B12-47FF-B5DF-210FD836FC85}.Release|Any CPU.ActiveCfg = Release|Any CPU
		{88110C36-5B12-47FF-B5DF-210FD836FC85}.Release|Any CPU.Build.0 = Release|Any CPU
		{8CB28815-1776-4452-80D9-7827E1277CFE}.Debug|Any CPU.ActiveCfg = Debug|Any CPU
		{8CB28815-1776-4452-80D9-7827E1277CFE}.Debug|Any CPU.Build.0 = Debug|Any CPU
		{8CB28815-1776-4452-80D9-7827E1277CFE}.Release|Any CPU.ActiveCfg = Release|Any CPU
		{8CB28815-1776-4452-80D9-7827E1277CFE}.Release|Any CPU.Build.0 = Release|Any CPU
	EndGlobalSection
	GlobalSection(SolutionProperties) = preSolution
		HideSolutionNode = FALSE
	EndGlobalSection
	GlobalSection(ExtensibilityGlobals) = postSolution
		SolutionGuid = {FA05FDE6-8429-4CBD-A485-6543FCCE01A3}
	EndGlobalSection
EndGlobal
